// !$*UTF8*$!
{
	archiveVersion = 1;
	classes = {
	};
	objectVersion = 46;
	objects = {

/* Begin PBXBuildFile section */
		A728F74D1B3066D2004C7B85 /* main.m in Sources */ = {isa = PBXBuildFile; fileRef = A728F74C1B3066D2004C7B85 /* main.m */; };
		A728F7501B3066D2004C7B85 /* AppDelegate.m in Sources */ = {isa = PBXBuildFile; fileRef = A728F74F1B3066D2004C7B85 /* AppDelegate.m */; };
		A728F7531B3066D2004C7B85 /* ViewController.m in Sources */ = {isa = PBXBuildFile; fileRef = A728F7521B3066D2004C7B85 /* ViewController.m */; };
		A728F7561B3066D2004C7B85 /* Main.storyboard in Resources */ = {isa = PBXBuildFile; fileRef = A728F7541B3066D2004C7B85 /* Main.storyboard */; };
		A728F7581B3066D2004C7B85 /* Images.xcassets in Resources */ = {isa = PBXBuildFile; fileRef = A728F7571B3066D2004C7B85 /* Images.xcassets */; };
		A728F75B1B3066D2004C7B85 /* LaunchScreen.xib in Resources */ = {isa = PBXBuildFile; fileRef = A728F7591B3066D2004C7B85 /* LaunchScreen.xib */; };
		A728F7671B3066D2004C7B85 /* Day_19HwACTests.m in Sources */ = {isa = PBXBuildFile; fileRef = A728F7661B3066D2004C7B85 /* Day_19HwACTests.m */; };
		A728F7751B307A91004C7B85 /* ViewController2.m in Sources */ = {isa = PBXBuildFile; fileRef = A728F7741B307A91004C7B85 /* ViewController2.m */; };
/* End PBXBuildFile section */

/* Begin PBXContainerItemProxy section */
		A728F7611B3066D2004C7B85 /* PBXContainerItemProxy */ = {
			isa = PBXContainerItemProxy;
			containerPortal = A728F73F1B3066D2004C7B85 /* Project object */;
			proxyType = 1;
			remoteGlobalIDString = A728F7461B3066D2004C7B85;
			remoteInfo = "Day#19HwAC";
		};
/* End PBXContainerItemProxy section */

/* Begin PBXFileReference section */
		A728F7471B3066D2004C7B85 /* Day#19HwAC.app */ = {isa = PBXFileReference; explicitFileType = wrapper.application; includeInIndex = 0; path = "Day#19HwAC.app"; sourceTree = BUILT_PRODUCTS_DIR; };
		A728F74B1B3066D2004C7B85 /* Info.plist */ = {isa = PBXFileReference; lastKnownFileType = text.plist.xml; path = Info.plist; sourceTree = "<group>"; };
		A728F74C1B3066D2004C7B85 /* main.m */ = {isa = PBXFileReference; lastKnownFileType = sourcecode.c.objc; path = main.m; sourceTree = "<group>"; };
		A728F74E1B3066D2004C7B85 /* AppDelegate.h */ = {isa = PBXFileReference; lastKnownFileType = sourcecode.c.h; path = AppDelegate.h; sourceTree = "<group>"; };
		A728F74F1B3066D2004C7B85 /* AppDelegate.m */ = {isa = PBXFileReference; lastKnownFileType = sourcecode.c.objc; path = AppDelegate.m; sourceTree = "<group>"; };
		A728F7511B3066D2004C7B85 /* ViewController.h */ = {isa = PBXFileReference; lastKnownFileType = sourcecode.c.h; path = ViewController.h; sourceTree = "<group>"; };
		A728F7521B3066D2004C7B85 /* ViewController.m */ = {isa = PBXFileReference; lastKnownFileType = sourcecode.c.objc; path = ViewController.m; sourceTree = "<group>"; };
		A728F7551B3066D2004C7B85 /* Base */ = {isa = PBXFileReference; lastKnownFileType = file.storyboard; name = Base; path = Base.lproj/Main.storyboard; sourceTree = "<group>"; };
		A728F7571B3066D2004C7B85 /* Images.xcassets */ = {isa = PBXFileReference; lastKnownFileType = folder.assetcatalog; path = Images.xcassets; sourceTree = "<group>"; };
		A728F75A1B3066D2004C7B85 /* Base */ = {isa = PBXFileReference; lastKnownFileType = file.xib; name = Base; path = Base.lproj/LaunchScreen.xib; sourceTree = "<group>"; };
		A728F7601B3066D2004C7B85 /* Day#19HwACTests.xctest */ = {isa = PBXFileReference; explicitFileType = wrapper.cfbundle; includeInIndex = 0; path = "Day#19HwACTests.xctest"; sourceTree = BUILT_PRODUCTS_DIR; };
		A728F7651B3066D2004C7B85 /* Info.plist */ = {isa = PBXFileReference; lastKnownFileType = text.plist.xml; path = Info.plist; sourceTree = "<group>"; };
		A728F7661B3066D2004C7B85 /* Day_19HwACTests.m */ = {isa = PBXFileReference; lastKnownFileType = sourcecode.c.objc; path = Day_19HwACTests.m; sourceTree = "<group>"; };
		A728F7731B307A91004C7B85 /* ViewController2.h */ = {isa = PBXFileReference; fileEncoding = 4; lastKnownFileType = sourcecode.c.h; path = ViewController2.h; sourceTree = "<group>"; };
		A728F7741B307A91004C7B85 /* ViewController2.m */ = {isa = PBXFileReference; fileEncoding = 4; lastKnownFileType = sourcecode.c.objc; path = ViewController2.m; sourceTree = "<group>"; };
/* End PBXFileReference section */

/* Begin PBXFrameworksBuildPhase section */
		A728F7441B3066D2004C7B85 /* Frameworks */ = {
			isa = PBXFrameworksBuildPhase;
			buildActionMask = 2147483647;
			files = (
			);
			runOnlyForDeploymentPostprocessing = 0;
		};
		A728F75D1B3066D2004C7B85 /* Frameworks */ = {
			isa = PBXFrameworksBuildPhase;
			buildActionMask = 2147483647;
			files = (
			);
			runOnlyForDeploymentPostprocessing = 0;
		};
/* End PBXFrameworksBuildPhase section */

/* Begin PBXGroup section */
		A728F73E1B3066D2004C7B85 = {
			isa = PBXGroup;
			children = (
				A728F7491B3066D2004C7B85 /* Day#19HwAC */,
				A728F7631B3066D2004C7B85 /* Day#19HwACTests */,
				A728F7481B3066D2004C7B85 /* Products */,
			);
			sourceTree = "<group>";
		};
		A728F7481B3066D2004C7B85 /* Products */ = {
			isa = PBXGroup;
			children = (
				A728F7471B3066D2004C7B85 /* Day#19HwAC.app */,
				A728F7601B3066D2004C7B85 /* Day#19HwACTests.xctest */,
			);
			name = Products;
			sourceTree = "<group>";
		};
		A728F7491B3066D2004C7B85 /* Day#19HwAC */ = {
			isa = PBXGroup;
			children = (
				A728F74E1B3066D2004C7B85 /* AppDelegate.h */,
				A728F74F1B3066D2004C7B85 /* AppDelegate.m */,
				A728F7511B3066D2004C7B85 /* ViewController.h */,
				A728F7521B3066D2004C7B85 /* ViewController.m */,
				A728F7541B3066D2004C7B85 /* Main.storyboard */,
				A728F7571B3066D2004C7B85 /* Images.xcassets */,
				A728F7591B3066D2004C7B85 /* LaunchScreen.xib */,
				A728F74A1B3066D2004C7B85 /* Supporting Files */,
				A728F7731B307A91004C7B85 /* ViewController2.h */,
				A728F7741B307A91004C7B85 /* ViewController2.m */,
			);
			path = "Day#19HwAC";
			sourceTree = "<group>";
		};
		A728F74A1B3066D2004C7B85 /* Supporting Files */ = {
			isa = PBXGroup;
			children = (
				A728F74B1B3066D2004C7B85 /* Info.plist */,
				A728F74C1B3066D2004C7B85 /* main.m */,
			);
			name = "Supporting Files";
			sourceTree = "<group>";
		};
		A728F7631B3066D2004C7B85 /* Day#19HwACTests */ = {
			isa = PBXGroup;
			children = (
				A728F7661B3066D2004C7B85 /* Day_19HwACTests.m */,
				A728F7641B3066D2004C7B85 /* Supporting Files */,
			);
			path = "Day#19HwACTests";
			sourceTree = "<group>";
		};
		A728F7641B3066D2004C7B85 /* Supporting Files */ = {
			isa = PBXGroup;
			children = (
				A728F7651B3066D2004C7B85 /* Info.plist */,
			);
			name = "Supporting Files";
			sourceTree = "<group>";
		};
/* End PBXGroup section */

/* Begin PBXNativeTarget section */
		A728F7461B3066D2004C7B85 /* Day#19HwAC */ = {
			isa = PBXNativeTarget;
			buildConfigurationList = A728F76A1B3066D2004C7B85 /* Build configuration list for PBXNativeTarget "Day#19HwAC" */;
			buildPhases = (
				A728F7431B3066D2004C7B85 /* Sources */,
				A728F7441B3066D2004C7B85 /* Frameworks */,
				A728F7451B3066D2004C7B85 /* Resources */,
			);
			buildRules = (
			);
			dependencies = (
			);
			name = "Day#19HwAC";
			productName = "Day#19HwAC";
			productReference = A728F7471B3066D2004C7B85 /* Day#19HwAC.app */;
			productType = "com.apple.product-type.application";
		};
		A728F75F1B3066D2004C7B85 /* Day#19HwACTests */ = {
			isa = PBXNativeTarget;
			buildConfigurationList = A728F76D1B3066D2004C7B85 /* Build configuration list for PBXNativeTarget "Day#19HwACTests" */;
			buildPhases = (
				A728F75C1B3066D2004C7B85 /* Sources */,
				A728F75D1B3066D2004C7B85 /* Frameworks */,
				A728F75E1B3066D2004C7B85 /* Resources */,
			);
			buildRules = (
			);
			dependencies = (
				A728F7621B3066D2004C7B85 /* PBXTargetDependency */,
			);
			name = "Day#19HwACTests";
			productName = "Day#19HwACTests";
			productReference = A728F7601B3066D2004C7B85 /* Day#19HwACTests.xctest */;
			productType = "com.apple.product-type.bundle.unit-test";
		};
/* End PBXNativeTarget section */

/* Begin PBXProject section */
		A728F73F1B3066D2004C7B85 /* Project object */ = {
			isa = PBXProject;
			attributes = {
				LastUpgradeCheck = 0630;
				ORGANIZATIONNAME = lalaleelala;
				TargetAttributes = {
					A728F7461B3066D2004C7B85 = {
						CreatedOnToolsVersion = 6.3.2;
					};
					A728F75F1B3066D2004C7B85 = {
						CreatedOnToolsVersion = 6.3.2;
						TestTargetID = A728F7461B3066D2004C7B85;
					};
				};
			};
			buildConfigurationList = A728F7421B3066D2004C7B85 /* Build configuration list for PBXProject "Day#19HwAC" */;
			compatibilityVersion = "Xcode 3.2";
			developmentRegion = English;
			hasScannedForEncodings = 0;
			knownRegions = (
				en,
				Base,
			);
			mainGroup = A728F73E1B3066D2004C7B85;
			productRefGroup = A728F7481B3066D2004C7B85 /* Products */;
			projectDirPath = "";
			projectRoot = "";
			targets = (
				A728F7461B3066D2004C7B85 /* Day#19HwAC */,
				A728F75F1B3066D2004C7B85 /* Day#19HwACTests */,
			);
		};
/* End PBXProject section */

/* Begin PBXResourcesBuildPhase section */
		A728F7451B3066D2004C7B85 /* Resources */ = {
			isa = PBXResourcesBuildPhase;
			buildActionMask = 2147483647;
			files = (
				A728F7561B3066D2004C7B85 /* Main.storyboard in Resources */,
				A728F75B1B3066D2004C7B85 /* LaunchScreen.xib in Resources */,
				A728F7581B3066D2004C7B85 /* Images.xcassets in Resources */,
			);
			runOnlyForDeploymentPostprocessing = 0;
		};
		A728F75E1B3066D2004C7B85 /* Resources */ = {
			isa = PBXResourcesBuildPhase;
			buildActionMask = 2147483647;
			files = (
			);
			runOnlyForDeploymentPostprocessing = 0;
		};
/* End PBXResourcesBuildPhase section */

/* Begin PBXSourcesBuildPhase section */
		A728F7431B3066D2004C7B85 /* Sources */ = {
			isa = PBXSourcesBuildPhase;
			buildActionMask = 2147483647;
			files = (
				A728F7531B3066D2004C7B85 /* ViewController.m in Sources */,
				A728F7751B307A91004C7B85 /* ViewController2.m in Sources */,
				A728F7501B3066D2004C7B85 /* AppDelegate.m in Sources */,
				A728F74D1B3066D2004C7B85 /* main.m in Sources */,
			);
			runOnlyForDeploymentPostprocessing = 0;
		};
		A728F75C1B3066D2004C7B85 /* Sources */ = {
			isa = PBXSourcesBuildPhase;
			buildActionMask = 2147483647;
			files = (
				A728F7671B3066D2004C7B85 /* Day_19HwACTests.m in Sources */,
			);
			runOnlyForDeploymentPostprocessing = 0;
		};
/* End PBXSourcesBuildPhase section */

/* Begin PBXTargetDependency section */
		A728F7621B3066D2004C7B85 /* PBXTargetDependency */ = {
			isa = PBXTargetDependency;
			target = A728F7461B3066D2004C7B85 /* Day#19HwAC */;
			targetProxy = A728F7611B3066D2004C7B85 /* PBXContainerItemProxy */;
		};
/* End PBXTargetDependency section */

/* Begin PBXVariantGroup section */
		A728F7541B3066D2004C7B85 /* Main.storyboard */ = {
			isa = PBXVariantGroup;
			children = (
				A728F7551B3066D2004C7B85 /* Base */,
			);
			name = Main.storyboard;
			sourceTree = "<group>";
		};
		A728F7591B3066D2004C7B85 /* LaunchScreen.xib */ = {
			isa = PBXVariantGroup;
			children = (
				A728F75A1B3066D2004C7B85 /* Base */,
			);
			name = LaunchScreen.xib;
			sourceTree = "<group>";
		};
/* End PBXVariantGroup section */

/* Begin XCBuildConfiguration section */
		A728F7681B3066D2004C7B85 /* Debug */ = {
			isa = XCBuildConfiguration;
			buildSettings = {
				ALWAYS_SEARCH_USER_PATHS = NO;
				CLANG_CXX_LANGUAGE_STANDARD = "gnu++0x";
				CLANG_CXX_LIBRARY = "libc++";
				CLANG_ENABLE_MODULES = YES;
				CLANG_ENABLE_OBJC_ARC = YES;
				CLANG_WARN_BOOL_CONVERSION = YES;
				CLANG_WARN_CONSTANT_CONVERSION = YES;
				CLANG_WARN_DIRECT_OBJC_ISA_USAGE = YES_ERROR;
				CLANG_WARN_EMPTY_BODY = YES;
				CLANG_WARN_ENUM_CONVERSION = YES;
				CLANG_WARN_INT_CONVERSION = YES;
				CLANG_WARN_OBJC_ROOT_CLASS = YES_ERROR;
				CLANG_WARN_UNREACHABLE_CODE = YES;
				CLANG_WARN__DUPLICATE_METHOD_MATCH = YES;
				"CODE_SIGN_IDENTITY[sdk=iphoneos*]" = "iPhone Developer";
				COPY_PHASE_STRIP = NO;
				DEBUG_INFORMATION_FORMAT = "dwarf-with-dsym";
				ENABLE_STRICT_OBJC_MSGSEND = YES;
				GCC_C_LANGUAGE_STANDARD = gnu99;
				GCC_DYNAMIC_NO_PIC = NO;
				GCC_NO_COMMON_BLOCKS = YES;
				GCC_OPTIMIZATION_LEVEL = 0;
				GCC_PREPROCESSOR_DEFINITIONS = (
					"DEBUG=1",
					"$(inherited)",
				);
				GCC_SYMBOLS_PRIVATE_EXTERN = NO;
				GCC_WARN_64_TO_32_BIT_CONVERSION = YES;
				GCC_WARN_ABOUT_RETURN_TYPE = YES_ERROR;
				GCC_WARN_UNDECLARED_SELECTOR = YES;
				GCC_WARN_UNINITIALIZED_AUTOS = YES_AGGRESSIVE;
				GCC_WARN_UNUSED_FUNCTION = YES;
				GCC_WARN_UNUSED_VARIABLE = YES;
				IPHONEOS_DEPLOYMENT_TARGET = 8.3;
				MTL_ENABLE_DEBUG_INFO = YES;
				ONLY_ACTIVE_ARCH = YES;
				SDKROOT = iphoneos;
				TARGETED_DEVICE_FAMILY = "1,2";
			};
			name = Debug;
		};
		A728F7691B3066D2004C7B85 /* Release */ = {
			isa = XCBuildConfiguration;
			buildSettings = {
				ALWAYS_SEARCH_USER_PATHS = NO;
				CLANG_CXX_LANGUAGE_STANDARD = "gnu++0x";
				CLANG_CXX_LIBRARY = "libc++";
				CLANG_ENABLE_MODULES = YES;
				CLANG_ENABLE_OBJC_ARC = YES;
				CLANG_WARN_BOOL_CONVERSION = YES;
				CLANG_WARN_CONSTANT_CONVERSION = YES;
				CLANG_WARN_DIRECT_OBJC_ISA_USAGE = YES_ERROR;
				CLANG_WARN_EMPTY_BODY = YES;
				CLANG_WARN_ENUM_CONVERSION = YES;
				CLANG_WARN_INT_CONVERSION = YES;
				CLANG_WARN_OBJC_ROOT_CLASS = YES_ERROR;
				CLANG_WARN_UNREACHABLE_CODE = YES;
				CLANG_WARN__DUPLICATE_METHOD_MATCH = YES;
				"CODE_SIGN_IDENTITY[sdk=iphoneos*]" = "iPhone Developer";
				COPY_PHASE_STRIP = NO;
				DEBUG_INFORMATION_FORMAT = "dwarf-with-dsym";
				ENABLE_NS_ASSERTIONS = NO;
				ENABLE_STRICT_OBJC_MSGSEND = YES;
				GCC_C_LANGUAGE_STANDARD = gnu99;
				GCC_NO_COMMON_BLOCKS = YES;
				GCC_WARN_64_TO_32_BIT_CONVERSION = YES;
				GCC_WARN_ABOUT_RETURN_TYPE = YES_ERROR;
				GCC_WARN_UNDECLARED_SELECTOR = YES;
				GCC_WARN_UNINITIALIZED_AUTOS = YES_AGGRESSIVE;
				GCC_WARN_UNUSED_FUNCTION = YES;
				GCC_WARN_UNUSED_VARIABLE = YES;
				IPHONEOS_DEPLOYMENT_TARGET = 8.3;
				MTL_ENABLE_DEBUG_INFO = NO;
				SDKROOT = iphoneos;
				TARGETED_DEVICE_FAMILY = "1,2";
				VALIDATE_PRODUCT = YES;
			};
			name = Release;
		};
		A728F76B1B3066D2004C7B85 /* Debug */ = {
			isa = XCBuildConfiguration;
			buildSettings = {
				ASSETCATALOG_COMPILER_APPICON_NAME = AppIcon;
				INFOPLIST_FILE = "Day#19HwAC/Info.plist";
				LD_RUNPATH_SEARCH_PATHS = "$(inherited) @executable_path/Frameworks";
				PRODUCT_NAME = "$(TARGET_NAME)";
			};
			name = Debug;
		};
		A728F76C1B3066D2004C7B85 /* Release */ = {
			isa = XCBuildConfiguration;
			buildSettings = {
				ASSETCATALOG_COMPILER_APPICON_NAME = AppIcon;
				INFOPLIST_FILE = "Day#19HwAC/Info.plist";
				LD_RUNPATH_SEARCH_PATHS = "$(inherited) @executable_path/Frameworks";
				PRODUCT_NAME = "$(TARGET_NAME)";
			};
			name = Release;
		};
		A728F76E1B3066D2004C7B85 /* Debug */ = {
			isa = XCBuildConfiguration;
			buildSettings = {
				BUNDLE_LOADER = "$(TEST_HOST)";
				FRAMEWORK_SEARCH_PATHS = (
					"$(SDKROOT)/Developer/Library/Frameworks",
					"$(inherited)",
				);
				GCC_PREPROCESSOR_DEFINITIONS = (
					"DEBUG=1",
					"$(inherited)",
				);
				INFOPLIST_FILE = "Day#19HwACTests/Info.plist";
				LD_RUNPATH_SEARCH_PATHS = "$(inherited) @executable_path/Frameworks @loader_path/Frameworks";
				PRODUCT_NAME = "$(TARGET_NAME)";
				TEST_HOST = "$(BUILT_PRODUCTS_DIR)/Day#19HwAC.app/Day#19HwAC";
			};
			name = Debug;
		};
		A728F76F1B3066D2004C7B85 /* Release */ = {
			isa = XCBuildConfiguration;
			buildSettings = {
				BUNDLE_LOADER = "$(TEST_HOST)";
				FRAMEWORK_SEARCH_PATHS = (
					"$(SDKROOT)/Developer/Library/Frameworks",
					"$(inherited)",
				);
				INFOPLIST_FILE = "Day#19HwACTests/Info.plist";
				LD_RUNPATH_SEARCH_PATHS = "$(inherited) @executable_path/Frameworks @loader_path/Frameworks";
				PRODUCT_NAME = "$(TARGET_NAME)";
				TEST_HOST = "$(BUILT_PRODUCTS_DIR)/Day#19HwAC.app/Day#19HwAC";
			};
			name = Release;
		};
/* End XCBuildConfiguration section */

/* Begin XCConfigurationList section */
		A728F7421B3066D2004C7B85 /* Build configuration list for PBXProject "Day#19HwAC" */ = {
			isa = XCConfigurationList;
			buildConfigurations = (
				A728F7681B3066D2004C7B85 /* Debug */,
				A728F7691B3066D2004C7B85 /* Release */,
			);
			defaultConfigurationIsVisible = 0;
			defaultConfigurationName = Release;
		};
		A728F76A1B3066D2004C7B85 /* Build configuration list for PBXNativeTarget "Day#19HwAC" */ = {
			isa = XCConfigurationList;
			buildConfigurations = (
				A728F76B1B3066D2004C7B85 /* Debug */,
				A728F76C1B3066D2004C7B85 /* Release */,
			);
			defaultConfigurationIsVisible = 0;
		};
		A728F76D1B3066D2004C7B85 /* Build configuration list for PBXNativeTarget "Day#19HwACTests" */ = {
			isa = XCConfigurationList;
			buildConfigurations = (
				A728F76E1B3066D2004C7B85 /* Debug */,
				A728F76F1B3066D2004C7B85 /* Release */,
			);
			defaultConfigurationIsVisible = 0;
		};
/* End XCConfigurationList section */
	};
	rootObject = A728F73F1B3066D2004C7B85 /* Project object */;
}
